
Microsoft Visual Studio Solution File, Format Version 12.00
# Visual Studio 15
VisualStudioVersion = 15.0.28307.136
MinimumVisualStudioVersion = 10.0.40219.1
Project("{9A19103F-16F7-4668-BE54-9A1E7A4F7556}") = "Application.Infrastructure", "Application.Infrastructure\Application.Infrastructure.csproj", "{34B74669-4B22-4C36-A71F-143F2415FE93}"
EndProject
Project("{9A19103F-16F7-4668-BE54-9A1E7A4F7556}") = "Application.Core", "Application.Core\Application.Core.csproj", "{9D5AF98A-9224-4150-B78C-C36D728818E8}"
EndProject
Project("{9A19103F-16F7-4668-BE54-9A1E7A4F7556}") = "Application.API", "Application.API\Application.API.csproj", "{B3BC72C0-4B6F-4033-AEA7-DBC02D307DB2}"
EndProject
Project("{9A19103F-16F7-4668-BE54-9A1E7A4F7556}") = "Application.Web", "Application.Web\Application.Web.csproj", "{583AE0E8-82BE-4319-9348-E29AFA591423}"
EndProject
Project("{FAE04EC0-301F-11D3-BF4B-00C04F79EFBC}") = "Application.Business", "Application.Business\Application.Business.csproj", "{63CC3E99-5C14-4FCE-B3F8-94D27ED7C294}"
EndProject
Global
	GlobalSection(SolutionConfigurationPlatforms) = preSolution
		Debug|Any CPU = Debug|Any CPU
		Release|Any CPU = Release|Any CPU
	EndGlobalSection
	GlobalSection(ProjectConfigurationPlatforms) = postSolution
		{34B74669-4B22-4C36-A71F-143F2415FE93}.Debug|Any CPU.ActiveCfg = Debug|Any CPU
		{34B74669-4B22-4C36-A71F-143F2415FE93}.Debug|Any CPU.Build.0 = Debug|Any CPU
		{34B74669-4B22-4C36-A71F-143F2415FE93}.Release|Any CPU.ActiveCfg = Release|Any CPU
		{34B74669-4B22-4C36-A71F-143F2415FE93}.Release|Any CPU.Build.0 = Release|Any CPU
		{9D5AF98A-9224-4150-B78C-C36D728818E8}.Debug|Any CPU.ActiveCfg = Debug|Any CPU
		{9D5AF98A-9224-4150-B78C-C36D728818E8}.Debug|Any CPU.Build.0 = Debug|Any CPU
		{9D5AF98A-9224-4150-B78C-C36D728818E8}.Release|Any CPU.ActiveCfg = Release|Any CPU
		{9D5AF98A-9224-4150-B78C-C36D728818E8}.Release|Any CPU.Build.0 = Release|Any CPU
		{B3BC72C0-4B6F-4033-AEA7-DBC02D307DB2}.Debug|Any CPU.ActiveCfg = Debug|Any CPU
		{B3BC72C0-4B6F-4033-AEA7-DBC02D307DB2}.Debug|Any CPU.Build.0 = Debug|Any CPU
		{B3BC72C0-4B6F-4033-AEA7-DBC02D307DB2}.Release|Any CPU.ActiveCfg = Release|Any CPU
		{B3BC72C0-4B6F-4033-AEA7-DBC02D307DB2}.Release|Any CPU.Build.0 = Release|Any CPU
		{583AE0E8-82BE-4319-9348-E29AFA591423}.Debug|Any CPU.ActiveCfg = Debug|Any CPU
		{583AE0E8-82BE-4319-9348-E29AFA591423}.Debug|Any CPU.Build.0 = Debug|Any CPU
		{583AE0E8-82BE-4319-9348-E29AFA591423}.Release|Any CPU.ActiveCfg = Release|Any CPU
		{583AE0E8-82BE-4319-9348-E29AFA591423}.Release|Any CPU.Build.0 = Release|Any CPU
		{63CC3E99-5C14-4FCE-B3F8-94D27ED7C294}.Debug|Any CPU.ActiveCfg = Debug|Any CPU
		{63CC3E99-5C14-4FCE-B3F8-94D27ED7C294}.Debug|Any CPU.Build.0 = Debug|Any CPU
		{63CC3E99-5C14-4FCE-B3F8-94D27ED7C294}.Release|Any CPU.ActiveCfg = Release|Any CPU
		{63CC3E99-5C14-4FCE-B3F8-94D27ED7C294}.Release|Any CPU.Build.0 = Release|Any CPU
	EndGlobalSection
	GlobalSection(SolutionProperties) = preSolution
		HideSolutionNode = FALSE
	EndGlobalSection
	GlobalSection(ExtensibilityGlobals) = postSolution
		SolutionGuid = {F9AF1880-4A03-449D-AE75-5775392AC35C}
	EndGlobalSection
EndGlobal
